PODS:
  - Ambience (0.1.2)
  - Realm (3.13.1):
    - Realm/Headers (= 3.13.1)
  - Realm/Headers (3.13.1)
  - RealmSwift (3.13.1):
    - Realm (= 3.13.1)

DEPENDENCIES:
  - Ambience
  - RealmSwift

SPEC REPOS:
  https://github.com/cocoapods/specs.git:
    - Ambience
    - Realm
    - RealmSwift

SPEC CHECKSUMS:
  Ambience: 50ef53807961e96584a01f908283e25366f9899e
  Realm: 50071da38fe079e0735e47c9f2eae738c68c5996
  RealmSwift: 8a1e6a02b7a08cd17a31e3115143fb69fe5f3fb9

PODFILE CHECKSUM: f1095a646721a24409b173d7fbae47aba633a4bc

COCOAPODS: 1.5.3
